// !$*UTF8*$!
{
	archiveVersion = 1;
	classes = {
	};
	objectVersion = 55;
	objects = {

/* Begin PBXBuildFile section */
		DA21EE62286ED46B00346D86 /* Bloodhound.swift in Sources */ = {isa = PBXBuildFile; fileRef = DA21EE61286ED46B00346D86 /* Bloodhound.swift */; };
		DAC6E84B286E37390084CA13 /* main.swift in Sources */ = {isa = PBXBuildFile; fileRef = DAC6E84A286E37390084CA13 /* main.swift */; };
		DAC6E853286E376D0084CA13 /* ArgumentParser in Frameworks */ = {isa = PBXBuildFile; productRef = DAC6E852286E376D0084CA13 /* ArgumentParser */; };
		DAC6E856286E38410084CA13 /* XcodeProj in Frameworks */ = {isa = PBXBuildFile; productRef = DAC6E855286E38410084CA13 /* XcodeProj */; };
/* End PBXBuildFile section */

/* Begin PBXCopyFilesBuildPhase section */
		DAC6E845286E37380084CA13 /* CopyFiles */ = {
			isa = PBXCopyFilesBuildPhase;
			buildActionMask = 2147483647;
			dstPath = /usr/share/man/man1/;
			dstSubfolderSpec = 0;
			files = (
			);
			runOnlyForDeploymentPostprocessing = 1;
		};
/* End PBXCopyFilesBuildPhase section */

/* Begin PBXFileReference section */
		DA21EE61286ED46B00346D86 /* Bloodhound.swift */ = {isa = PBXFileReference; lastKnownFileType = sourcecode.swift; path = Bloodhound.swift; sourceTree = "<group>"; };
		DAC6E847286E37390084CA13 /* Executioner */ = {isa = PBXFileReference; explicitFileType = "compiled.mach-o.executable"; includeInIndex = 0; path = Executioner; sourceTree = BUILT_PRODUCTS_DIR; };
		DAC6E84A286E37390084CA13 /* main.swift */ = {isa = PBXFileReference; lastKnownFileType = sourcecode.swift; path = main.swift; sourceTree = "<group>"; };
/* End PBXFileReference section */

/* Begin PBXFrameworksBuildPhase section */
		DAC6E844286E37380084CA13 /* Frameworks */ = {
			isa = PBXFrameworksBuildPhase;
			buildActionMask = 2147483647;
			files = (
				DAC6E853286E376D0084CA13 /* ArgumentParser in Frameworks */,
				DAC6E856286E38410084CA13 /* XcodeProj in Frameworks */,
			);
			runOnlyForDeploymentPostprocessing = 0;
		};
/* End PBXFrameworksBuildPhase section */

/* Begin PBXGroup section */
		DAC6E83E286E37380084CA13 = {
			isa = PBXGroup;
			children = (
				DAC6E849286E37390084CA13 /* Executioner */,
				DAC6E848286E37390084CA13 /* Products */,
			);
			sourceTree = "<group>";
		};
		DAC6E848286E37390084CA13 /* Products */ = {
			isa = PBXGroup;
			children = (
				DAC6E847286E37390084CA13 /* Executioner */,
			);
			name = Products;
			sourceTree = "<group>";
		};
		DAC6E849286E37390084CA13 /* Executioner */ = {
			isa = PBXGroup;
			children = (
				DAC6E84A286E37390084CA13 /* main.swift */,
				DA21EE61286ED46B00346D86 /* Bloodhound.swift */,
			);
			path = Executioner;
			sourceTree = "<group>";
		};
/* End PBXGroup section */

/* Begin PBXNativeTarget section */
		DAC6E846286E37380084CA13 /* Executioner */ = {
			isa = PBXNativeTarget;
			buildConfigurationList = DAC6E84E286E37390084CA13 /* Build configuration list for PBXNativeTarget "Executioner" */;
			buildPhases = (
				DAC6E843286E37380084CA13 /* Sources */,
				DAC6E844286E37380084CA13 /* Frameworks */,
				DAC6E845286E37380084CA13 /* CopyFiles */,
			);
			buildRules = (
			);
			dependencies = (
			);
			name = Executioner;
			packageProductDependencies = (
				DAC6E852286E376D0084CA13 /* ArgumentParser */,
				DAC6E855286E38410084CA13 /* XcodeProj */,
			);
			productName = Executioner;
			productReference = DAC6E847286E37390084CA13 /* Executioner */;
			productType = "com.apple.product-type.tool";
		};
/* End PBXNativeTarget section */

/* Begin PBXProject section */
		DAC6E83F286E37380084CA13 /* Project object */ = {
			isa = PBXProject;
			attributes = {
				BuildIndependentTargetsInParallel = 1;
				LastSwiftUpdateCheck = 1340;
				LastUpgradeCheck = 1340;
				TargetAttributes = {
					DAC6E846286E37380084CA13 = {
						CreatedOnToolsVersion = 13.4;
					};
				};
			};
			buildConfigurationList = DAC6E842286E37380084CA13 /* Build configuration list for PBXProject "Executioner" */;
			compatibilityVersion = "Xcode 13.0";
			developmentRegion = en;
			hasScannedForEncodings = 0;
			knownRegions = (
				en,
				Base,
			);
			mainGroup = DAC6E83E286E37380084CA13;
			packageReferences = (
				DAC6E851286E376D0084CA13 /* XCRemoteSwiftPackageReference "swift-argument-parser" */,
				DAC6E854286E38410084CA13 /* XCRemoteSwiftPackageReference "xcodeproj" */,
			);
			productRefGroup = DAC6E848286E37390084CA13 /* Products */;
			projectDirPath = "";
			projectRoot = "";
			targets = (
				DAC6E846286E37380084CA13 /* Executioner */,
			);
		};
/* End PBXProject section */

/* Begin PBXSourcesBuildPhase section */
		DAC6E843286E37380084CA13 /* Sources */ = {
			isa = PBXSourcesBuildPhase;
			buildActionMask = 2147483647;
			files = (
				DAC6E84B286E37390084CA13 /* main.swift in Sources */,
				DA21EE62286ED46B00346D86 /* Bloodhound.swift in Sources */,
			);
			runOnlyForDeploymentPostprocessing = 0;
		};
/* End PBXSourcesBuildPhase section */

/* Begin XCBuildConfiguration section */
		DAC6E84C286E37390084CA13 /* Debug */ = {
			isa = XCBuildConfiguration;
			buildSettings = {
				ALWAYS_SEARCH_USER_PATHS = NO;
				CLANG_ANALYZER_NONNULL = YES;
				CLANG_ANALYZER_NUMBER_OBJECT_CONVERSION = YES_AGGRESSIVE;
				CLANG_CXX_LANGUAGE_STANDARD = "gnu++17";
				CLANG_ENABLE_MODULES = YES;
				CLANG_ENABLE_OBJC_ARC = YES;
				CLANG_ENABLE_OBJC_WEAK = YES;
				CLANG_WARN_BLOCK_CAPTURE_AUTORELEASING = YES;
				CLANG_WARN_BOOL_CONVERSION = YES;
				CLANG_WARN_COMMA = YES;
				CLANG_WARN_CONSTANT_CONVERSION = YES;
				CLANG_WARN_DEPRECATED_OBJC_IMPLEMENTATIONS = YES;
				CLANG_WARN_DIRECT_OBJC_ISA_USAGE = YES_ERROR;
				CLANG_WARN_DOCUMENTATION_COMMENTS = YES;
				CLANG_WARN_EMPTY_BODY = YES;
				CLANG_WARN_ENUM_CONVERSION = YES;
				CLANG_WARN_INFINITE_RECURSION = YES;
				CLANG_WARN_INT_CONVERSION = YES;
				CLANG_WARN_NON_LITERAL_NULL_CONVERSION = YES;
				CLANG_WARN_OBJC_IMPLICIT_RETAIN_SELF = YES;
				CLANG_WARN_OBJC_LITERAL_CONVERSION = YES;
				CLANG_WARN_OBJC_ROOT_CLASS = YES_ERROR;
				CLANG_WARN_QUOTED_INCLUDE_IN_FRAMEWORK_HEADER = YES;
				CLANG_WARN_RANGE_LOOP_ANALYSIS = YES;
				CLANG_WARN_STRICT_PROTOTYPES = YES;
				CLANG_WARN_SUSPICIOUS_MOVE = YES;
				CLANG_WARN_UNGUARDED_AVAILABILITY = YES_AGGRESSIVE;
				CLANG_WARN_UNREACHABLE_CODE = YES;
				CLANG_WARN__DUPLICATE_METHOD_MATCH = YES;
				COPY_PHASE_STRIP = NO;
				DEBUG_INFORMATION_FORMAT = dwarf;
				ENABLE_STRICT_OBJC_MSGSEND = YES;
				ENABLE_TESTABILITY = YES;
				GCC_C_LANGUAGE_STANDARD = gnu11;
				GCC_DYNAMIC_NO_PIC = NO;
				GCC_NO_COMMON_BLOCKS = YES;
				GCC_OPTIMIZATION_LEVEL = 0;
				GCC_PREPROCESSOR_DEFINITIONS = (
					"DEBUG=1",
					"$(inherited)",
				);
				GCC_WARN_64_TO_32_BIT_CONVERSION = YES;
				GCC_WARN_ABOUT_RETURN_TYPE = YES_ERROR;
				GCC_WARN_UNDECLARED_SELECTOR = YES;
				GCC_WARN_UNINITIALIZED_AUTOS = YES_AGGRESSIVE;
				GCC_WARN_UNUSED_FUNCTION = YES;
				GCC_WARN_UNUSED_VARIABLE = YES;
				MACOSX_DEPLOYMENT_TARGET = 12.3;
				MTL_ENABLE_DEBUG_INFO = INCLUDE_SOURCE;
				MTL_FAST_MATH = YES;
				ONLY_ACTIVE_ARCH = YES;
				SDKROOT = macosx;
				SWIFT_ACTIVE_COMPILATION_CONDITIONS = DEBUG;
				SWIFT_OPTIMIZATION_LEVEL = "-Onone";
			};
			name = Debug;
		};
		DAC6E84D286E37390084CA13 /* Release */ = {
			isa = XCBuildConfiguration;
			buildSettings = {
				ALWAYS_SEARCH_USER_PATHS = NO;
				CLANG_ANALYZER_NONNULL = YES;
				CLANG_ANALYZER_NUMBER_OBJECT_CONVERSION = YES_AGGRESSIVE;
				CLANG_CXX_LANGUAGE_STANDARD = "gnu++17";
				CLANG_ENABLE_MODULES = YES;
				CLANG_ENABLE_OBJC_ARC = YES;
				CLANG_ENABLE_OBJC_WEAK = YES;
				CLANG_WARN_BLOCK_CAPTURE_AUTORELEASING = YES;
				CLANG_WARN_BOOL_CONVERSION = YES;
				CLANG_WARN_COMMA = YES;
				CLANG_WARN_CONSTANT_CONVERSION = YES;
				CLANG_WARN_DEPRECATED_OBJC_IMPLEMENTATIONS = YES;
				CLANG_WARN_DIRECT_OBJC_ISA_USAGE = YES_ERROR;
				CLANG_WARN_DOCUMENTATION_COMMENTS = YES;
				CLANG_WARN_EMPTY_BODY = YES;
				CLANG_WARN_ENUM_CONVERSION = YES;
				CLANG_WARN_INFINITE_RECURSION = YES;
				CLANG_WARN_INT_CONVERSION = YES;
				CLANG_WARN_NON_LITERAL_NULL_CONVERSION = YES;
				CLANG_WARN_OBJC_IMPLICIT_RETAIN_SELF = YES;
				CLANG_WARN_OBJC_LITERAL_CONVERSION = YES;
				CLANG_WARN_OBJC_ROOT_CLASS = YES_ERROR;
				CLANG_WARN_QUOTED_INCLUDE_IN_FRAMEWORK_HEADER = YES;
				CLANG_WARN_RANGE_LOOP_ANALYSIS = YES;
				CLANG_WARN_STRICT_PROTOTYPES = YES;
				CLANG_WARN_SUSPICIOUS_MOVE = YES;
				CLANG_WARN_UNGUARDED_AVAILABILITY = YES_AGGRESSIVE;
				CLANG_WARN_UNREACHABLE_CODE = YES;
				CLANG_WARN__DUPLICATE_METHOD_MATCH = YES;
				COPY_PHASE_STRIP = NO;
				DEBUG_INFORMATION_FORMAT = "dwarf-with-dsym";
				ENABLE_NS_ASSERTIONS = NO;
				ENABLE_STRICT_OBJC_MSGSEND = YES;
				GCC_C_LANGUAGE_STANDARD = gnu11;
				GCC_NO_COMMON_BLOCKS = YES;
				GCC_WARN_64_TO_32_BIT_CONVERSION = YES;
				GCC_WARN_ABOUT_RETURN_TYPE = YES_ERROR;
				GCC_WARN_UNDECLARED_SELECTOR = YES;
				GCC_WARN_UNINITIALIZED_AUTOS = YES_AGGRESSIVE;
				GCC_WARN_UNUSED_FUNCTION = YES;
				GCC_WARN_UNUSED_VARIABLE = YES;
				MACOSX_DEPLOYMENT_TARGET = 12.3;
				MTL_ENABLE_DEBUG_INFO = NO;
				MTL_FAST_MATH = YES;
				SDKROOT = macosx;
				SWIFT_COMPILATION_MODE = wholemodule;
				SWIFT_OPTIMIZATION_LEVEL = "-O";
			};
			name = Release;
		};
		DAC6E84F286E37390084CA13 /* Debug */ = {
			isa = XCBuildConfiguration;
			buildSettings = {
				CODE_SIGN_STYLE = Automatic;
				PRODUCT_NAME = "$(TARGET_NAME)";
				SWIFT_VERSION = 5.0;
			};
			name = Debug;
		};
		DAC6E850286E37390084CA13 /* Release */ = {
			isa = XCBuildConfiguration;
			buildSettings = {
				CODE_SIGN_STYLE = Automatic;
				PRODUCT_NAME = "$(TARGET_NAME)";
				SWIFT_VERSION = 5.0;
			};
			name = Release;
		};
/* End XCBuildConfiguration section */

/* Begin XCConfigurationList section */
		DAC6E842286E37380084CA13 /* Build configuration list for PBXProject "Executioner" */ = {
			isa = XCConfigurationList;
			buildConfigurations = (
				DAC6E84C286E37390084CA13 /* Debug */,
				DAC6E84D286E37390084CA13 /* Release */,
			);
			defaultConfigurationIsVisible = 0;
			defaultConfigurationName = Release;
		};
		DAC6E84E286E37390084CA13 /* Build configuration list for PBXNativeTarget "Executioner" */ = {
			isa = XCConfigurationList;
			buildConfigurations = (
				DAC6E84F286E37390084CA13 /* Debug */,
				DAC6E850286E37390084CA13 /* Release */,
			);
			defaultConfigurationIsVisible = 0;
			defaultConfigurationName = Release;
		};
/* End XCConfigurationList section */

/* Begin XCRemoteSwiftPackageReference section */
		DAC6E851286E376D0084CA13 /* XCRemoteSwiftPackageReference "swift-argument-parser" */ = {
			isa = XCRemoteSwiftPackageReference;
			repositoryURL = "https://github.com/apple/swift-argument-parser.git";
			requirement = {
				kind = upToNextMajorVersion;
				minimumVersion = 1.0.0;
			};
		};
		DAC6E854286E38410084CA13 /* XCRemoteSwiftPackageReference "xcodeproj" */ = {
			isa = XCRemoteSwiftPackageReference;
			repositoryURL = "https://github.com/tuist/xcodeproj.git";
			requirement = {
				kind = upToNextMajorVersion;
				minimumVersion = 8.0.0;
			};
		};
/* End XCRemoteSwiftPackageReference section */

/* Begin XCSwiftPackageProductDependency section */
		DAC6E852286E376D0084CA13 /* ArgumentParser */ = {
			isa = XCSwiftPackageProductDependency;
			package = DAC6E851286E376D0084CA13 /* XCRemoteSwiftPackageReference "swift-argument-parser" */;
			productName = ArgumentParser;
		};
		DAC6E855286E38410084CA13 /* XcodeProj */ = {
			isa = XCSwiftPackageProductDependency;
			package = DAC6E854286E38410084CA13 /* XCRemoteSwiftPackageReference "xcodeproj" */;
			productName = XcodeProj;
		};
/* End XCSwiftPackageProductDependency section */
	};
	rootObject = DAC6E83F286E37380084CA13 /* Project object */;
}
